
Microsoft Visual Studio Solution File, Format Version 12.00
# Visual Studio Version 17
VisualStudioVersion = 17.5.002.0
MinimumVisualStudioVersion = 10.0.40219.1
Project("{9A19103F-16F7-4668-BE54-9A1E7A4F7556}") = "DesafioPOO", "DesafioPOO.csproj", "{FC21BE59-A07D-4FF2-829C-7544EFFB846E}"
EndProject
Global
	GlobalSection(SolutionConfigurationPlatforms) = preSolution
		Debug|Any CPU = Debug|Any CPU
		Release|Any CPU = Release|Any CPU
	EndGlobalSection
	GlobalSection(ProjectConfigurationPlatforms) = postSolution
		{FC21BE59-A07D-4FF2-829C-7544EFFB846E}.Debug|Any CPU.ActiveCfg = Debug|Any CPU
		{FC21BE59-A07D-4FF2-829C-7544EFFB846E}.Debug|Any CPU.Build.0 = Debug|Any CPU
		{FC21BE59-A07D-4FF2-829C-7544EFFB846E}.Release|Any CPU.ActiveCfg = Release|Any CPU
		{FC21BE59-A07D-4FF2-829C-7544EFFB846E}.Release|Any CPU.Build.0 = Release|Any CPU
	EndGlobalSection
	GlobalSection(SolutionProperties) = preSolution
		HideSolutionNode = FALSE
	EndGlobalSection
	GlobalSection(ExtensibilityGlobals) = postSolution
		SolutionGuid = {B287C29E-5829-4021-9E01-C74B6AC54EC7}
	EndGlobalSection
EndGlobal
